
Microsoft Visual Studio Solution File, Format Version 12.00
# Visual Studio Version 17
VisualStudioVersion = 17.7.34024.191
MinimumVisualStudioVersion = 10.0.40219.1
Project("{FAE04EC0-301F-11D3-BF4B-00C04F79EFBC}") = "Pr2", "Pr2\Pr2.csproj", "{8580D4DA-2507-49F1-A5D9-E1409A797FC2}"
EndProject
Global
	GlobalSection(SolutionConfigurationPlatforms) = preSolution
		Debug|Any CPU = Debug|Any CPU
		Release|Any CPU = Release|Any CPU
	EndGlobalSection
	GlobalSection(ProjectConfigurationPlatforms) = postSolution
		{8580D4DA-2507-49F1-A5D9-E1409A797FC2}.Debug|Any CPU.ActiveCfg = Debug|Any CPU
		{8580D4DA-2507-49F1-A5D9-E1409A797FC2}.Debug|Any CPU.Build.0 = Debug|Any CPU
		{8580D4DA-2507-49F1-A5D9-E1409A797FC2}.Release|Any CPU.ActiveCfg = Release|Any CPU
		{8580D4DA-2507-49F1-A5D9-E1409A797FC2}.Release|Any CPU.Build.0 = Release|Any CPU
	EndGlobalSection
	GlobalSection(SolutionProperties) = preSolution
		HideSolutionNode = FALSE
	EndGlobalSection
	GlobalSection(ExtensibilityGlobals) = postSolution
		SolutionGuid = {A6012965-7BCF-444B-85F0-D9304D79C1D1}
	EndGlobalSection
EndGlobal
